{
  "version": "5",
  "redirects": {
    "https://esm.sh/@supabase/supabase-js@2": "https://esm.sh/@supabase/supabase-js@2.110.7"
  },
  "remote": {
    "https://esm.sh/@supabase/supabase-js@2.110.7": "271bd1acce2a284be1c9539bc960a705314a71a322a88705f0ffce88f9e7b97c"
  },
  "workspace": {
    "packageJson": {
      "dependencies": [
        "npm:@babel/cli@^7.24.0",
        "npm:@babel/core@^7.24.0",
        "npm:@babel/preset-react@^7.24.0",
        "npm:@eslint/js@^10.0.1",
        "npm:@vercel/analytics@^2.0.1",
        "npm:@vercel/speed-insights@2",
        "npm:@vitejs/plugin-react@^6.0.1",
        "npm:better-sqlite3@^12.9.0",
        "npm:eslint@^10.0.3",
        "npm:react-dom@^18.3.1",
        "npm:react@^18.3.1",
        "npm:tailwindcss@^3.4.0",
        "npm:terser@^5.30.0",
        "npm:vite@^8.0.8",
        "npm:vitest@^4.1.0",
        "npm:ws@^8.20.0"
      ]
    }
  }
}
